
Microsoft Visual Studio Solution File, Format Version 12.00
# Visual Studio Version 16
VisualStudioVersion = 16.0.29613.14
MinimumVisualStudioVersion = 10.0.40219.1
Project("{9A19103F-16F7-4668-BE54-9A1E7A4F7556}") = "CoreWebApp", "CoreWebApp\CoreWebApp.csproj", "{7225778D-A0E0-4685-B2C3-1D0A39BC47C0}"
	ProjectSection(ProjectDependencies) = postProject
		{BDBD3C07-3CDE-404C-893F-532ACBA8E454} = {BDBD3C07-3CDE-404C-893F-532ACBA8E454}
		{A3BEA881-B859-4E26-A2DC-60382393E831} = {A3BEA881-B859-4E26-A2DC-60382393E831}
	EndProjectSection
EndProject
Project("{9A19103F-16F7-4668-BE54-9A1E7A4F7556}") = "CoreWebApp.DataAccess", "CoreWebApp.DataAccess\CoreWebApp.DataAccess.csproj", "{A3EB93B7-8166-41AE-8427-15B83CA8E191}"
EndProject
Project("{9A19103F-16F7-4668-BE54-9A1E7A4F7556}") = "CoreWebApp.Models", "CoreWebApp.Models\CoreWebApp.Models.csproj", "{A3BEA881-B859-4E26-A2DC-60382393E831}"
EndProject
Project("{9A19103F-16F7-4668-BE54-9A1E7A4F7556}") = "CoreWebApp.Utilities", "ClassLibrary1\CoreWebApp.Utilities.csproj", "{BDBD3C07-3CDE-404C-893F-532ACBA8E454}"
EndProject
Global
	GlobalSection(SolutionConfigurationPlatforms) = preSolution
		Debug|Any CPU = Debug|Any CPU
		Release|Any CPU = Release|Any CPU
	EndGlobalSection
	GlobalSection(ProjectConfigurationPlatforms) = postSolution
		{7225778D-A0E0-4685-B2C3-1D0A39BC47C0}.Debug|Any CPU.ActiveCfg = Debug|Any CPU
		{7225778D-A0E0-4685-B2C3-1D0A39BC47C0}.Debug|Any CPU.Build.0 = Debug|Any CPU
		{7225778D-A0E0-4685-B2C3-1D0A39BC47C0}.Release|Any CPU.ActiveCfg = Release|Any CPU
		{7225778D-A0E0-4685-B2C3-1D0A39BC47C0}.Release|Any CPU.Build.0 = Release|Any CPU
		{A3EB93B7-8166-41AE-8427-15B83CA8E191}.Debug|Any CPU.ActiveCfg = Debug|Any CPU
		{A3EB93B7-8166-41AE-8427-15B83CA8E191}.Debug|Any CPU.Build.0 = Debug|Any CPU
		{A3EB93B7-8166-41AE-8427-15B83CA8E191}.Release|Any CPU.ActiveCfg = Release|Any CPU
		{A3EB93B7-8166-41AE-8427-15B83CA8E191}.Release|Any CPU.Build.0 = Release|Any CPU
		{A3BEA881-B859-4E26-A2DC-60382393E831}.Debug|Any CPU.ActiveCfg = Debug|Any CPU
		{A3BEA881-B859-4E26-A2DC-60382393E831}.Debug|Any CPU.Build.0 = Debug|Any CPU
		{A3BEA881-B859-4E26-A2DC-60382393E831}.Release|Any CPU.ActiveCfg = Release|Any CPU
		{A3BEA881-B859-4E26-A2DC-60382393E831}.Release|Any CPU.Build.0 = Release|Any CPU
		{BDBD3C07-3CDE-404C-893F-532ACBA8E454}.Debug|Any CPU.ActiveCfg = Debug|Any CPU
		{BDBD3C07-3CDE-404C-893F-532ACBA8E454}.Debug|Any CPU.Build.0 = Debug|Any CPU
		{BDBD3C07-3CDE-404C-893F-532ACBA8E454}.Release|Any CPU.ActiveCfg = Release|Any CPU
		{BDBD3C07-3CDE-404C-893F-532ACBA8E454}.Release|Any CPU.Build.0 = Release|Any CPU
	EndGlobalSection
	GlobalSection(SolutionProperties) = preSolution
		HideSolutionNode = FALSE
	EndGlobalSection
	GlobalSection(ExtensibilityGlobals) = postSolution
		SolutionGuid = {FE3A0EFE-BA12-44B3-A5FF-C5DC49765CD8}
	EndGlobalSection
EndGlobal
